
Microsoft Visual Studio Solution File, Format Version 12.00
# Visual Studio Version 16
VisualStudioVersion = 16.0.30204.135
MinimumVisualStudioVersion = 10.0.40219.1
Project("{9A19103F-16F7-4668-BE54-9A1E7A4F7556}") = "M1-CompBasics", "M1 CompBasics\M1-CompBasics.csproj", "{7F5A403F-1C2D-4AD4-A7DD-5389D7C64C98}"
EndProject
Global
	GlobalSection(SolutionConfigurationPlatforms) = preSolution
		Debug|Any CPU = Debug|Any CPU
		Release|Any CPU = Release|Any CPU
	EndGlobalSection
	GlobalSection(ProjectConfigurationPlatforms) = postSolution
		{7F5A403F-1C2D-4AD4-A7DD-5389D7C64C98}.Debug|Any CPU.ActiveCfg = Debug|Any CPU
		{7F5A403F-1C2D-4AD4-A7DD-5389D7C64C98}.Debug|Any CPU.Build.0 = Debug|Any CPU
		{7F5A403F-1C2D-4AD4-A7DD-5389D7C64C98}.Release|Any CPU.ActiveCfg = Release|Any CPU
		{7F5A403F-1C2D-4AD4-A7DD-5389D7C64C98}.Release|Any CPU.Build.0 = Release|Any CPU
	EndGlobalSection
	GlobalSection(SolutionProperties) = preSolution
		HideSolutionNode = FALSE
	EndGlobalSection
	GlobalSection(ExtensibilityGlobals) = postSolution
		SolutionGuid = {B862E32C-F5C9-46BA-9EA0-60F38C25D3F4}
	EndGlobalSection
EndGlobal
